{
  "lockfile_version": 1,
  "os": "macOS Sequoia 15.6",
  "r_version": "R version 4.5.1 (2025-06-13)",
  "platform": "aarch64-apple-darwin20",
  "packages": [
    {
      "ref": "deps::.",
      "package": "saltr-deps",
      "version": "0.1.2",
      "type": "deps",
      "direct": true,
      "binary": false,
      "dependencies": ["bindata"],
      "vignettes": false,
      "metadata": {
        "RemotePkgRef": "deps::.",
        "RemoteType": "deps"
      },
      "sources": [],
      "target": "src/contrib/saltr-deps_0.1.2.tar.gz",
      "platform": "source",
      "rversion": "*",
      "directpkg": true,
      "license": "MIT + file LICENSE",
      "dep_types": ["Depends", "Imports", "LinkingTo"],
      "params": [],
      "install_args": "",
      "sysreqs": ""
    },
    {
      "ref": "bindata",
      "package": "bindata",
      "version": "0.9-22",
      "type": "standard",
      "direct": false,
      "binary": true,
      "dependencies": ["e1071", "mvtnorm"],
      "vignettes": false,
      "needscompilation": false,
      "metadata": {
        "RemoteType": "standard",
        "RemotePkgRef": "bindata",
        "RemoteRef": "bindata",
        "RemoteRepos": "https://cran.rstudio.com/",
        "RemotePkgPlatform": "aarch64-apple-darwin20",
        "RemoteSha": "0.9-22"
      },
      "sources": ["https://cran.rstudio.com//bin/macosx/big-sur-arm64/contrib/4.5/bindata_0.9-22.tgz", "https://mac.r-project.org/bin/macosx/big-sur-arm64/contrib/4.5/bindata_0.9-22.tgz"],
      "target": "bin/macosx/big-sur-arm64/contrib/4.5/bindata_0.9-22.tgz",
      "platform": "aarch64-apple-darwin20",
      "rversion": "4.5",
      "built": "R 4.5.0; ; 2025-04-01 07:37:20 UTC; unix",
      "directpkg": false,
      "license": "GPL-2",
      "sha256": "c7351123be183d5500c54b3a56c27f4c8f23b23ee70a8b485f2c0addbb879672",
      "filesize": 255129,
      "dep_types": ["Depends", "Imports", "LinkingTo"],
      "params": [],
      "install_args": "",
      "repotype": "cran",
      "sysreqs": ""
    },
    {
      "ref": "e1071",
      "package": "e1071",
      "version": "1.7-16",
      "type": "standard",
      "direct": false,
      "binary": true,
      "dependencies": ["class", "proxy"],
      "vignettes": false,
      "needscompilation": true,
      "metadata": {
        "RemoteType": "standard",
        "RemotePkgRef": "e1071",
        "RemoteRef": "e1071",
        "RemoteRepos": "https://cran.rstudio.com/",
        "RemotePkgPlatform": "aarch64-apple-darwin20",
        "RemoteSha": "1.7-16"
      },
      "sources": ["https://cran.rstudio.com//bin/macosx/big-sur-arm64/contrib/4.5/e1071_1.7-16.tgz", "https://mac.r-project.org/bin/macosx/big-sur-arm64/contrib/4.5/e1071_1.7-16.tgz"],
      "target": "bin/macosx/big-sur-arm64/contrib/4.5/e1071_1.7-16.tgz",
      "platform": "aarch64-apple-darwin20",
      "rversion": "4.5",
      "built": "R 4.5.0; aarch64-apple-darwin20; 2025-04-01 06:34:12 UTC; unix",
      "directpkg": false,
      "license": "GPL-2 | GPL-3",
      "sha256": "1f8913e56f5adc231eec685ef7d79f615f797d418dec075940722969d669a030",
      "filesize": 666194,
      "dep_types": ["Depends", "Imports", "LinkingTo"],
      "params": [],
      "install_args": "",
      "repotype": "cran",
      "sysreqs": ""
    },
    {
      "ref": "mvtnorm",
      "package": "mvtnorm",
      "version": "1.3-3",
      "type": "standard",
      "direct": false,
      "binary": true,
      "dependencies": [],
      "vignettes": false,
      "needscompilation": true,
      "metadata": {
        "RemoteType": "standard",
        "RemotePkgRef": "mvtnorm",
        "RemoteRef": "mvtnorm",
        "RemoteRepos": "https://cran.rstudio.com/",
        "RemotePkgPlatform": "aarch64-apple-darwin20",
        "RemoteSha": "1.3-3"
      },
      "sources": ["https://cran.rstudio.com//bin/macosx/big-sur-arm64/contrib/4.5/mvtnorm_1.3-3.tgz", "https://mac.r-project.org/bin/macosx/big-sur-arm64/contrib/4.5/mvtnorm_1.3-3.tgz"],
      "target": "bin/macosx/big-sur-arm64/contrib/4.5/mvtnorm_1.3-3.tgz",
      "platform": "aarch64-apple-darwin20",
      "rversion": "4.5",
      "built": "R 4.5.0; aarch64-apple-darwin20; 2025-03-31 21:50:03 UTC; unix",
      "directpkg": false,
      "license": "GPL-2",
      "sha256": "40614d2b8661cc8e8ba30e5f85578bfb4c6c7a9d748d6038374dc1923f238610",
      "filesize": 1004926,
      "dep_types": ["Depends", "Imports", "LinkingTo"],
      "params": [],
      "install_args": "",
      "repotype": "cran",
      "sysreqs": ""
    },
    {
      "ref": "proxy",
      "package": "proxy",
      "version": "0.4-27",
      "type": "standard",
      "direct": false,
      "binary": true,
      "dependencies": [],
      "vignettes": false,
      "needscompilation": true,
      "metadata": {
        "RemoteType": "standard",
        "RemotePkgRef": "proxy",
        "RemoteRef": "proxy",
        "RemoteRepos": "https://cran.rstudio.com/",
        "RemotePkgPlatform": "aarch64-apple-darwin20",
        "RemoteSha": "0.4-27"
      },
      "sources": ["https://cran.rstudio.com//bin/macosx/big-sur-arm64/contrib/4.5/proxy_0.4-27.tgz", "https://mac.r-project.org/bin/macosx/big-sur-arm64/contrib/4.5/proxy_0.4-27.tgz"],
      "target": "bin/macosx/big-sur-arm64/contrib/4.5/proxy_0.4-27.tgz",
      "platform": "aarch64-apple-darwin20",
      "rversion": "4.5",
      "directpkg": false,
      "license": "GPL-2",
      "filesize": 192228,
      "dep_types": ["Depends", "Imports", "LinkingTo"],
      "params": [],
      "install_args": "",
      "repotype": "cran",
      "sysreqs": ""
    },
    {
      "ref": "installed::/Library/Frameworks/R.framework/Resources/library/class",
      "package": "class",
      "version": "7.3-23",
      "type": "installed",
      "direct": false,
      "binary": true,
      "dependencies": ["MASS"],
      "vignettes": false,
      "needscompilation": true,
      "metadata": {
        "RemoteType": "installed",
        "RemotePkgRef": "installed::/Library/Frameworks/R.framework/Resources/library/class",
        "RemotePkgPlatform": "aarch64-apple-darwin20",
        "RemoteSha": "7.3-23"
      },
      "sources": [],
      "target": "src/contrib/class_7.3-23.tar.gz",
      "platform": "aarch64-apple-darwin20",
      "rversion": "R 4.5.1",
      "built": "R 4.5.1; aarch64-apple-darwin20; 2025-06-14 01:29:50 UTC; unix",
      "directpkg": false,
      "license": "GPL-2 | GPL-3",
      "dep_types": ["Depends", "Imports", "LinkingTo"],
      "params": [],
      "install_args": "",
      "repotype": "cran"
    },
    {
      "ref": "installed::/Library/Frameworks/R.framework/Resources/library/MASS",
      "package": "MASS",
      "version": "7.3-65",
      "type": "installed",
      "direct": false,
      "binary": true,
      "dependencies": [],
      "vignettes": false,
      "needscompilation": true,
      "metadata": {
        "RemoteType": "installed",
        "RemotePkgRef": "installed::/Library/Frameworks/R.framework/Resources/library/MASS",
        "RemotePkgPlatform": "aarch64-apple-darwin20",
        "RemoteSha": "7.3-65"
      },
      "sources": [],
      "target": "src/contrib/MASS_7.3-65.tar.gz",
      "platform": "aarch64-apple-darwin20",
      "rversion": "R 4.5.1",
      "built": "R 4.5.1; aarch64-apple-darwin20; 2025-06-14 01:29:47 UTC; unix",
      "directpkg": false,
      "license": "GPL-2 | GPL-3",
      "dep_types": ["Depends", "Imports", "LinkingTo"],
      "params": [],
      "install_args": "",
      "repotype": "cran"
    }
  ]
}
