{
  "R": {
    "Version": "4.6.0",
    "Repositories": [
      {
        "Name": "CRAN",
        "URL": "https://packagemanager.posit.co/cran/latest"
      }
    ]
  },
  "Packages": {
    "CDM": {
      "Package": "CDM",
      "Version": "8.3-14",
      "Source": "Repository",
      "Type": "Package",
      "Title": "Cognitive Diagnosis Modeling",
      "Date": "2025-07-13 14:03:01",
      "Authors@R": "c(person(given = \"Alexander\", family = \"Robitzsch\", role = c(\"aut\", \"cre\"), email = \"robitzsch@ipn.uni-kiel.de\"), person(given = \"Thomas\", family = \"Kiefer\", role = \"aut\"), person(given = c(\"Ann\", \"Cathrice\"), family = \"George\", role = \"aut\"), person(given = \"Ali\", family = \"Uenlue\", role = \"aut\"))",
      "Maintainer": "Alexander Robitzsch <robitzsch@ipn.uni-kiel.de>",
      "Description": "Functions for cognitive diagnosis modeling and multidimensional item response modeling  for dichotomous and polytomous item responses. This package enables the estimation of  the DINA and DINO model (Junker & Sijtsma, 2001, <doi:10.1177/01466210122032064>), the multiple group (polytomous) GDINA model (de la Torre, 2011,  <doi:10.1007/s11336-011-9207-7>), the multiple choice DINA model (de la Torre, 2009,  <doi:10.1177/0146621608320523>), the general diagnostic model (GDM; von Davier, 2008,  <doi:10.1348/000711007X193957>), the structured latent class model (SLCA; Formann, 1992,  <doi:10.1080/01621459.1992.10475229>) and regularized latent class analysis  (Chen, Li, Liu, & Ying, 2017, <doi:10.1007/s11336-016-9545-6>).  See George, Robitzsch, Kiefer, Gross, and Uenlue (2017) <doi:10.18637/jss.v074.i02>  or Robitzsch and George (2019, <doi:10.1007/978-3-030-05584-4_26>)      for further details on estimation and the package structure. For tutorials on how to use the CDM package see  George and Robitzsch (2015, <doi:10.20982/tqmp.11.3.p189>) as well as Ravand and Robitzsch (2015).",
      "Depends": [
        "R (>= 3.1)",
        "mvtnorm"
      ],
      "Imports": [
        "graphics",
        "grDevices",
        "methods",
        "polycor",
        "Rcpp",
        "stats",
        "utils"
      ],
      "Suggests": [
        "BIFIEsurvey",
        "lattice",
        "MASS",
        "miceadds",
        "ROI",
        "sfsmisc"
      ],
      "LinkingTo": [
        "Rcpp",
        "RcppArmadillo"
      ],
      "Enhances": [
        "dina",
        "GDINA",
        "mirt",
        "rrum"
      ],
      "LazyLoad": "yes",
      "LazyData": "yes",
      "URL": "https://github.com/alexanderrobitzsch/CDM, https://sites.google.com/view/alexander-robitzsch/software",
      "License": "GPL (>= 2)",
      "BugReports": "https://github.com/alexanderrobitzsch/CDM/issues?state=open",
      "NeedsCompilation": "yes",
      "Author": "Alexander Robitzsch [aut, cre], Thomas Kiefer [aut], Ann Cathrice George [aut], Ali Uenlue [aut]",
      "Repository": "CRAN",
      "Encoding": "UTF-8"
    },
    "MASS": {
      "Package": "MASS",
      "Version": "7.3-65",
      "Source": "Repository",
      "Priority": "recommended",
      "Date": "2025-02-19",
      "Revision": "$Rev: 3681 $",
      "Depends": [
        "R (>= 4.4.0)",
        "grDevices",
        "graphics",
        "stats",
        "utils"
      ],
      "Imports": [
        "methods"
      ],
      "Suggests": [
        "lattice",
        "nlme",
        "nnet",
        "survival"
      ],
      "Authors@R": "c(person(\"Brian\", \"Ripley\", role = c(\"aut\", \"cre\", \"cph\"), email = \"Brian.Ripley@R-project.org\"), person(\"Bill\", \"Venables\", role = c(\"aut\", \"cph\")), person(c(\"Douglas\", \"M.\"), \"Bates\", role = \"ctb\"), person(\"Kurt\", \"Hornik\", role = \"trl\", comment = \"partial port ca 1998\"), person(\"Albrecht\", \"Gebhardt\", role = \"trl\", comment = \"partial port ca 1998\"), person(\"David\", \"Firth\", role = \"ctb\", comment = \"support functions for polr\"))",
      "Description": "Functions and datasets to support Venables and Ripley, \"Modern Applied Statistics with S\" (4th edition, 2002).",
      "Title": "Support Functions and Datasets for Venables and Ripley's MASS",
      "LazyData": "yes",
      "ByteCompile": "yes",
      "License": "GPL-2 | GPL-3",
      "URL": "http://www.stats.ox.ac.uk/pub/MASS4/",
      "Contact": "<MASS@stats.ox.ac.uk>",
      "NeedsCompilation": "yes",
      "Author": "Brian Ripley [aut, cre, cph], Bill Venables [aut, cph], Douglas M. Bates [ctb], Kurt Hornik [trl] (partial port ca 1998), Albrecht Gebhardt [trl] (partial port ca 1998), David Firth [ctb] (support functions for polr)",
      "Maintainer": "Brian Ripley <Brian.Ripley@R-project.org>",
      "Repository": "CRAN"
    },
    "Matrix": {
      "Package": "Matrix",
      "Version": "1.7-5",
      "Source": "Repository",
      "VersionNote": "do also bump src/version.h, inst/include/Matrix/version.h",
      "Date": "2026-03-20",
      "Priority": "recommended",
      "Title": "Sparse and Dense Matrix Classes and Methods",
      "Description": "A rich hierarchy of sparse and dense matrix classes, including general, symmetric, triangular, and diagonal matrices with numeric, logical, or pattern entries.  Efficient methods for operating on such matrices, often wrapping the 'BLAS', 'LAPACK', and 'SuiteSparse' libraries.",
      "License": "GPL (>= 2) | file LICENCE",
      "URL": "https://Matrix.R-forge.R-project.org",
      "BugReports": "https://R-forge.R-project.org/tracker/?atid=294&group_id=61",
      "Contact": "Matrix-authors@R-project.org",
      "Authors@R": "c(person(\"Douglas\", \"Bates\", role = \"aut\", comment = c(ORCID = \"0000-0001-8316-9503\")), person(\"Martin\", \"Maechler\", role = c(\"aut\", \"cre\"), email = \"mmaechler+Matrix@gmail.com\", comment = c(ORCID = \"0000-0002-8685-9910\")), person(\"Mikael\", \"Jagan\", role = \"aut\", comment = c(ORCID = \"0000-0002-3542-2938\")), person(\"Timothy A.\", \"Davis\", role = \"ctb\", comment = c(ORCID = \"0000-0001-7614-6899\", \"SuiteSparse libraries\", \"collaborators listed in dir(system.file(\\\"doc\\\", \\\"SuiteSparse\\\", package=\\\"Matrix\\\"), pattern=\\\"License\\\", full.names=TRUE, recursive=TRUE)\")), person(\"George\", \"Karypis\", role = \"ctb\", comment = c(ORCID = \"0000-0003-2753-1437\", \"METIS library\", \"Copyright: Regents of the University of Minnesota\")), person(\"Jason\", \"Riedy\", role = \"ctb\", comment = c(ORCID = \"0000-0002-4345-4200\", \"GNU Octave's condest() and onenormest()\", \"Copyright: Regents of the University of California\")), person(\"Jens\", \"Oehlschlägel\", role = \"ctb\", comment = \"initial nearPD()\"), person(\"R Core Team\", role = \"ctb\", comment = c(ROR = \"02zz1nj61\", \"base R's matrix implementation\")))",
      "Depends": [
        "R (>= 4.4)",
        "methods"
      ],
      "Imports": [
        "grDevices",
        "graphics",
        "grid",
        "lattice",
        "stats",
        "utils"
      ],
      "Suggests": [
        "MASS",
        "datasets",
        "sfsmisc",
        "tools"
      ],
      "Enhances": [
        "SparseM",
        "graph"
      ],
      "LazyData": "no",
      "LazyDataNote": "not possible, since we use data/*.R and our S4 classes",
      "BuildResaveData": "no",
      "Encoding": "UTF-8",
      "NeedsCompilation": "yes",
      "Author": "Douglas Bates [aut] (ORCID: <https://orcid.org/0000-0001-8316-9503>), Martin Maechler [aut, cre] (ORCID: <https://orcid.org/0000-0002-8685-9910>), Mikael Jagan [aut] (ORCID: <https://orcid.org/0000-0002-3542-2938>), Timothy A. Davis [ctb] (ORCID: <https://orcid.org/0000-0001-7614-6899>, SuiteSparse libraries, collaborators listed in dir(system.file(\"doc\", \"SuiteSparse\", package=\"Matrix\"), pattern=\"License\", full.names=TRUE, recursive=TRUE)), George Karypis [ctb] (ORCID: <https://orcid.org/0000-0003-2753-1437>, METIS library, Copyright: Regents of the University of Minnesota), Jason Riedy [ctb] (ORCID: <https://orcid.org/0000-0002-4345-4200>, GNU Octave's condest() and onenormest(), Copyright: Regents of the University of California), Jens Oehlschlägel [ctb] (initial nearPD()), R Core Team [ctb] (ROR: <https://ror.org/02zz1nj61>, base R's matrix implementation)",
      "Maintainer": "Martin Maechler <mmaechler+Matrix@gmail.com>",
      "Repository": "CRAN"
    },
    "ROI": {
      "Package": "ROI",
      "Version": "1.0-2",
      "Source": "Repository",
      "Title": "R Optimization Infrastructure",
      "Authors@R": "c( person(\"Kurt\", \"Hornik\", role = \"aut\", email = \"Kurt.Hornik@R-project.org\", comment = c(ORCID = \"0000-0003-4198-9911\")), person(\"David\", \"Meyer\", role = \"aut\"), person(\"Florian\", \"Schwendinger\", role = \"aut\", email = \"FlorianSchwendinger@gmx.at\", comment = c(ORCID = \"0000-0002-3983-9773\")), person(\"Stefan\", \"Theussl\", role = c(\"aut\", \"cre\"), email = \"Stefan.Theussl@R-Project.org\", comment = c(ORCID = \"0000-0002-6523-4620\")), person(\"Diethelm\", \"Wuertz\", role = \"ctb\") )",
      "Description": "The R Optimization Infrastructure ('ROI') <doi:10.18637/jss.v094.i15> is a sophisticated framework for handling optimization problems in R. Additional information can be found on the 'ROI' homepage <https://roi.r-forge.r-project.org/>.",
      "Depends": [
        "R (>= 2.10)"
      ],
      "Imports": [
        "methods",
        "registry (>= 0.5)",
        "slam",
        "utils",
        "checkmate"
      ],
      "Suggests": [
        "numDeriv"
      ],
      "License": "GPL-3",
      "Encoding": "UTF-8",
      "URL": "https://roi.r-forge.r-project.org/, https://r-forge.r-project.org/projects/roi/",
      "RoxygenNote": "7.3.3",
      "NeedsCompilation": "no",
      "Author": "Kurt Hornik [aut] (ORCID: <https://orcid.org/0000-0003-4198-9911>), David Meyer [aut], Florian Schwendinger [aut] (ORCID: <https://orcid.org/0000-0002-3983-9773>), Stefan Theussl [aut, cre] (ORCID: <https://orcid.org/0000-0002-6523-4620>), Diethelm Wuertz [ctb]",
      "Maintainer": "Stefan Theussl <Stefan.Theussl@R-Project.org>",
      "Repository": "CRAN"
    },
    "Rcpp": {
      "Package": "Rcpp",
      "Version": "1.1.1-1.1",
      "Source": "Repository",
      "Title": "Seamless R and C++ Integration",
      "Date": "2026-04-19",
      "Authors@R": "c(person(\"Dirk\", \"Eddelbuettel\", role = c(\"aut\", \"cre\"), email = \"edd@debian.org\", comment = c(ORCID = \"0000-0001-6419-907X\")), person(\"Romain\", \"Francois\", role = \"aut\", comment = c(ORCID = \"0000-0002-2444-4226\")), person(\"JJ\", \"Allaire\", role = \"aut\", comment = c(ORCID = \"0000-0003-0174-9868\")), person(\"Kevin\", \"Ushey\", role = \"aut\", comment = c(ORCID = \"0000-0003-2880-7407\")), person(\"Qiang\", \"Kou\", role = \"aut\", comment = c(ORCID = \"0000-0001-6786-5453\")), person(\"Nathan\", \"Russell\", role = \"aut\"), person(\"Iñaki\", \"Ucar\", role = \"aut\", comment = c(ORCID = \"0000-0001-6403-5550\")), person(\"Doug\", \"Bates\", role = \"aut\", comment = c(ORCID = \"0000-0001-8316-9503\")), person(\"John\", \"Chambers\", role = \"aut\"))",
      "Description": "The 'Rcpp' package provides R functions as well as C++ classes which offer a seamless integration of R and C++. Many R data types and objects can be mapped back and forth to C++ equivalents which facilitates both writing of new code as well as easier integration of third-party libraries. Documentation about 'Rcpp' is provided by several vignettes included in this package, via the 'Rcpp Gallery' site at <https://gallery.rcpp.org>, the paper by Eddelbuettel and Francois (2011, <doi:10.18637/jss.v040.i08>), the book by Eddelbuettel (2013, <doi:10.1007/978-1-4614-6868-4>) and the paper by Eddelbuettel and Balamuta (2018, <doi:10.1080/00031305.2017.1375990>); see 'citation(\"Rcpp\")' for details.",
      "Depends": [
        "R (>= 3.5.0)"
      ],
      "Imports": [
        "methods",
        "utils"
      ],
      "Suggests": [
        "tinytest",
        "inline",
        "rbenchmark",
        "pkgKitten (>= 0.1.2)"
      ],
      "URL": "https://www.rcpp.org, https://dirk.eddelbuettel.com/code/rcpp.html, https://github.com/RcppCore/Rcpp",
      "License": "GPL (>= 2)",
      "BugReports": "https://github.com/RcppCore/Rcpp/issues",
      "MailingList": "rcpp-devel@lists.r-forge.r-project.org",
      "RoxygenNote": "6.1.1",
      "Encoding": "UTF-8",
      "VignetteBuilder": "Rcpp",
      "NeedsCompilation": "yes",
      "Author": "Dirk Eddelbuettel [aut, cre] (ORCID: <https://orcid.org/0000-0001-6419-907X>), Romain Francois [aut] (ORCID: <https://orcid.org/0000-0002-2444-4226>), JJ Allaire [aut] (ORCID: <https://orcid.org/0000-0003-0174-9868>), Kevin Ushey [aut] (ORCID: <https://orcid.org/0000-0003-2880-7407>), Qiang Kou [aut] (ORCID: <https://orcid.org/0000-0001-6786-5453>), Nathan Russell [aut], Iñaki Ucar [aut] (ORCID: <https://orcid.org/0000-0001-6403-5550>), Doug Bates [aut] (ORCID: <https://orcid.org/0000-0001-8316-9503>), John Chambers [aut]",
      "Maintainer": "Dirk Eddelbuettel <edd@debian.org>",
      "Repository": "CRAN"
    },
    "RcppArmadillo": {
      "Package": "RcppArmadillo",
      "Version": "15.2.6-1",
      "Source": "Repository",
      "Type": "Package",
      "Title": "'Rcpp' Integration for the 'Armadillo' Templated Linear Algebra Library",
      "Date": "2026-04-20",
      "Authors@R": "c(person(\"Dirk\", \"Eddelbuettel\", role = c(\"aut\", \"cre\"), email = \"edd@debian.org\", comment = c(ORCID = \"0000-0001-6419-907X\")), person(\"Romain\", \"Francois\", role = \"aut\", comment = c(ORCID = \"0000-0002-2444-4226\")), person(\"Doug\", \"Bates\", role = \"aut\", comment = c(ORCID = \"0000-0001-8316-9503\")), person(\"Binxiang\", \"Ni\", role = \"aut\"), person(\"Conrad\", \"Sanderson\", role = \"aut\", comment = c(ORCID = \"0000-0002-0049-4501\")))",
      "Description": "'Armadillo' is a templated C++ linear algebra library aiming towards a good balance between speed and ease of use. It provides high-level syntax and functionality deliberately similar to Matlab. It is useful for algorithm development directly in C++, or quick conversion of research code into production environments. It provides efficient classes for vectors, matrices and cubes where dense and sparse matrices are supported. Integer, floating point and complex numbers are supported. A sophisticated expression evaluator (based on template meta-programming) automatically combines several operations to increase speed and efficiency. Dynamic evaluation automatically chooses optimal code paths based on detected matrix structures. Matrix decompositions are provided through integration with LAPACK, or one of its high performance drop-in replacements (such as 'MKL' or 'OpenBLAS'). It can automatically use 'OpenMP' multi-threading (parallelisation) to speed up computationally expensive operations. . The 'RcppArmadillo' package includes the header files from the 'Armadillo' library; users do not need to install 'Armadillo' itself in order to use 'RcppArmadillo'. Starting from release 15.0.0, the minimum compilation standard is C++14. . Since release 7.800.0, 'Armadillo' is licensed under Apache License 2; previous releases were under licensed as MPL 2.0 from version 3.800.0 onwards and LGPL-3 prior to that; 'RcppArmadillo' (the 'Rcpp' bindings/bridge to Armadillo) is licensed under the GNU GPL version 2 or later, as is the rest of 'Rcpp'.",
      "License": "GPL (>= 2)",
      "LazyLoad": "yes",
      "Depends": [
        "R (>= 3.3.0)"
      ],
      "LinkingTo": [
        "Rcpp"
      ],
      "Imports": [
        "Rcpp (>= 1.1.1)",
        "stats",
        "utils",
        "methods"
      ],
      "Suggests": [
        "tinytest",
        "Matrix (>= 1.3.0)",
        "pkgKitten",
        "reticulate",
        "slam"
      ],
      "URL": "https://github.com/RcppCore/RcppArmadillo, https://dirk.eddelbuettel.com/code/rcpp.armadillo.html",
      "BugReports": "https://github.com/RcppCore/RcppArmadillo/issues",
      "RoxygenNote": "6.0.1",
      "Encoding": "UTF-8",
      "VignetteBuilder": "Rcpp",
      "NeedsCompilation": "yes",
      "Author": "Dirk Eddelbuettel [aut, cre] (ORCID: <https://orcid.org/0000-0001-6419-907X>), Romain Francois [aut] (ORCID: <https://orcid.org/0000-0002-2444-4226>), Doug Bates [aut] (ORCID: <https://orcid.org/0000-0001-8316-9503>), Binxiang Ni [aut], Conrad Sanderson [aut] (ORCID: <https://orcid.org/0000-0002-0049-4501>)",
      "Maintainer": "Dirk Eddelbuettel <edd@debian.org>",
      "Repository": "CRAN"
    },
    "admisc": {
      "Package": "admisc",
      "Version": "0.40",
      "Source": "Repository",
      "SystemRequirements": "OpenMP (optional)",
      "Title": "Adrian Dusa's Miscellaneous",
      "Authors@R": "person( given = \"Adrian\", family = \"Dusa\", role = c(\"aut\", \"cre\", \"cph\"), email = \"dusa.adrian@unibuc.ro\", comment = c(ORCID = \"0000-0002-3525-9253\"))",
      "URL": "https://github.com/dusadrian/admisc",
      "BugReports": "https://github.com/dusadrian/admisc/issues",
      "Depends": [
        "R (>= 3.5.0)"
      ],
      "Imports": [
        "methods"
      ],
      "Suggests": [
        "QCA (>= 3.7)"
      ],
      "Description": "Contains functions used across packages 'DDIwR', 'QCA' and 'venn'. Interprets and translates, factorizes and negates SOP - Sum of Products expressions, for both binary and multi-value crisp sets, and extracts information (set names, set values) from those expressions. Other functions perform various other checks if possibly numeric (even if all numbers reside in a character vector) and coerce to numeric, or check if the numbers are whole. It also offers, among many others, a highly versatile recoding routine and some more flexible alternatives to the base functions 'with()' and 'within()'. SOP simplification functions in this package use related minimization from package 'QCA', which is recommended to be installed despite not being listed in the Imports field, due to circular dependency issues.",
      "License": "GPL (>= 3)",
      "Encoding": "UTF-8",
      "RoxygenNote": "7.3.3",
      "NeedsCompilation": "yes",
      "Author": "Adrian Dusa [aut, cre, cph] (ORCID: <https://orcid.org/0000-0002-3525-9253>)",
      "Maintainer": "Adrian Dusa <dusa.adrian@unibuc.ro>",
      "Repository": "CRAN"
    },
    "backports": {
      "Package": "backports",
      "Version": "1.5.1",
      "Source": "Repository",
      "Type": "Package",
      "Title": "Reimplementations of Functions Introduced Since R-3.0.0",
      "Authors@R": "c( person(\"Michel\", \"Lang\", NULL, \"michellang@gmail.com\", role = c(\"cre\", \"aut\"), comment = c(ORCID = \"0000-0001-9754-0393\")), person(\"Duncan\", \"Murdoch\", NULL, \"murdoch.duncan@gmail.com\", role = c(\"aut\")), person(\"R Core Team\", role = \"aut\"))",
      "Maintainer": "Michel Lang <michellang@gmail.com>",
      "Description": "Functions introduced or changed since R v3.0.0 are re-implemented in this package. The backports are conditionally exported in order to let R resolve the function name to either the implemented backport, or the respective base version, if available. Package developers can make use of new functions or arguments by selectively importing specific backports to support older installations.",
      "URL": "https://github.com/r-lib/backports",
      "BugReports": "https://github.com/r-lib/backports/issues",
      "License": "GPL-2 | GPL-3",
      "NeedsCompilation": "yes",
      "ByteCompile": "yes",
      "Depends": [
        "R (>= 3.0.0)"
      ],
      "Encoding": "UTF-8",
      "RoxygenNote": "7.3.3",
      "Author": "Michel Lang [cre, aut] (ORCID: <https://orcid.org/0000-0001-9754-0393>), Duncan Murdoch [aut], R Core Team [aut]",
      "Repository": "CRAN"
    },
    "bindata": {
      "Package": "bindata",
      "Version": "0.9-24",
      "Source": "Repository",
      "Title": "Generation of Artificial Binary Data",
      "Authors@R": "c(person(\"Friedrich\", \"Leisch\", role = c(\"aut\"), comment = c(ORCID = \"0000-0001-7278-1983\", \"maintainer up to 2024\")), person(\"Andreas\", \"Weingessel\", role = \"aut\"), person(\"Kurt\", \"Hornik\", role = c(\"aut\", \"cre\"), email = \"Kurt.Hornik@R-project.org\", comment = c(ORCID = \"0000-0003-4198-9911\")))",
      "Description": "Generation of correlated artificial binary data.",
      "License": "GPL-2",
      "Imports": [
        "e1071",
        "mvtnorm (>= 0.7-0)"
      ],
      "NeedsCompilation": "no",
      "Author": "Friedrich Leisch [aut] (ORCID: <https://orcid.org/0000-0001-7278-1983>, maintainer up to 2024), Andreas Weingessel [aut], Kurt Hornik [aut, cre] (ORCID: <https://orcid.org/0000-0003-4198-9911>)",
      "Maintainer": "Kurt Hornik <Kurt.Hornik@R-project.org>",
      "Depends": [
        "R (>= 2.10)"
      ],
      "Repository": "CRAN",
      "Encoding": "UTF-8"
    },
    "checkmate": {
      "Package": "checkmate",
      "Version": "2.3.4",
      "Source": "Repository",
      "Type": "Package",
      "Title": "Fast and Versatile Argument Checks",
      "Description": "Tests and assertions to perform frequent argument checks. A substantial part of the package was written in C to minimize any worries about execution time overhead.",
      "Authors@R": "c( person(\"Michel\", \"Lang\", NULL, \"michellang@gmail.com\", role = c(\"cre\", \"aut\"), comment = c(ORCID = \"0000-0001-9754-0393\")), person(\"Bernd\", \"Bischl\", NULL, \"bernd_bischl@gmx.net\", role = \"ctb\"), person(\"Dénes\", \"Tóth\", NULL, \"toth.denes@kogentum.hu\", role = \"ctb\", comment = c(ORCID = \"0000-0003-4262-3217\")) )",
      "URL": "https://mllg.github.io/checkmate/, https://github.com/mllg/checkmate",
      "URLNote": "https://github.com/mllg/checkmate",
      "BugReports": "https://github.com/mllg/checkmate/issues",
      "NeedsCompilation": "yes",
      "ByteCompile": "yes",
      "Encoding": "UTF-8",
      "Depends": [
        "R (>= 3.0.0)"
      ],
      "Imports": [
        "backports (>= 1.1.0)",
        "utils"
      ],
      "Suggests": [
        "R6",
        "fastmatch",
        "data.table (>= 1.9.8)",
        "devtools",
        "ggplot2",
        "knitr",
        "magrittr",
        "microbenchmark",
        "rmarkdown",
        "testthat (>= 3.0.4)",
        "tinytest (>= 1.1.0)",
        "tibble"
      ],
      "License": "BSD_3_clause + file LICENSE",
      "VignetteBuilder": "knitr",
      "RoxygenNote": "7.3.3",
      "Collate": "'AssertCollection.R' 'allMissing.R' 'anyInfinite.R' 'anyMissing.R' 'anyNaN.R' 'asInteger.R' 'assert.R' 'helper.R' 'makeExpectation.R' 'makeTest.R' 'makeAssertion.R' 'checkAccess.R' 'checkArray.R' 'checkAtomic.R' 'checkAtomicVector.R' 'checkCharacter.R' 'checkChoice.R' 'checkClass.R' 'checkComplex.R' 'checkCount.R' 'checkDataFrame.R' 'checkDataTable.R' 'checkDate.R' 'checkDirectoryExists.R' 'checkDisjunct.R' 'checkDouble.R' 'checkEnvironment.R' 'checkFALSE.R' 'checkFactor.R' 'checkFileExists.R' 'checkFlag.R' 'checkFormula.R' 'checkFunction.R' 'checkInt.R' 'checkInteger.R' 'checkIntegerish.R' 'checkList.R' 'checkLogical.R' 'checkMatrix.R' 'checkMultiClass.R' 'checkNamed.R' 'checkNames.R' 'checkNull.R' 'checkNumber.R' 'checkNumeric.R' 'checkOS.R' 'checkPOSIXct.R' 'checkPathForOutput.R' 'checkPermutation.R' 'checkR6.R' 'checkRaw.R' 'checkScalar.R' 'checkScalarNA.R' 'checkSetEqual.R' 'checkString.R' 'checkSubset.R' 'checkTRUE.R' 'checkTibble.R' 'checkVector.R' 'coalesce.R' 'isIntegerish.R' 'matchArg.R' 'qassert.R' 'qassertr.R' 'vname.R' 'wfwl.R' 'zzz.R'",
      "Author": "Michel Lang [cre, aut] (ORCID: <https://orcid.org/0000-0001-9754-0393>), Bernd Bischl [ctb], Dénes Tóth [ctb] (ORCID: <https://orcid.org/0000-0003-4262-3217>)",
      "Maintainer": "Michel Lang <michellang@gmail.com>",
      "Repository": "CRAN"
    },
    "class": {
      "Package": "class",
      "Version": "7.3-23",
      "Source": "Repository",
      "Priority": "recommended",
      "Date": "2025-01-01",
      "Depends": [
        "R (>= 3.0.0)",
        "stats",
        "utils"
      ],
      "Imports": [
        "MASS"
      ],
      "Authors@R": "c(person(\"Brian\", \"Ripley\", role = c(\"aut\", \"cre\", \"cph\"), email = \"Brian.Ripley@R-project.org\"), person(\"William\", \"Venables\", role = \"cph\"))",
      "Description": "Various functions for classification, including k-nearest neighbour, Learning Vector Quantization and Self-Organizing Maps.",
      "Title": "Functions for Classification",
      "ByteCompile": "yes",
      "License": "GPL-2 | GPL-3",
      "URL": "http://www.stats.ox.ac.uk/pub/MASS4/",
      "NeedsCompilation": "yes",
      "Author": "Brian Ripley [aut, cre, cph], William Venables [cph]",
      "Maintainer": "Brian Ripley <Brian.Ripley@R-project.org>",
      "Repository": "CRAN"
    },
    "e1071": {
      "Package": "e1071",
      "Version": "1.7-17",
      "Source": "Repository",
      "Title": "Misc Functions of the Department of Statistics, Probability Theory Group (Formerly: E1071), TU Wien",
      "Imports": [
        "graphics",
        "grDevices",
        "class",
        "stats",
        "methods",
        "utils",
        "proxy"
      ],
      "Suggests": [
        "cluster",
        "mlbench",
        "nnet",
        "randomForest",
        "rpart",
        "SparseM",
        "xtable",
        "Matrix",
        "MASS",
        "slam"
      ],
      "Authors@R": "c(person(given = \"David\", family = \"Meyer\", role = c(\"aut\", \"cre\"), email = \"David.Meyer@R-project.org\", comment = c(ORCID = \"0000-0002-5196-3048\")),     person(given = \"Evgenia\", family = \"Dimitriadou\", role = c(\"aut\",\"cph\")), person(given = \"Kurt\", family = \"Hornik\", role = \"aut\", email = \"Kurt.Hornik@R-project.org\", comment = c(ORCID = \"0000-0003-4198-9911\")), person(given = \"Andreas\", family = \"Weingessel\", role = \"aut\"), person(given = \"Friedrich\", family = \"Leisch\", role = \"aut\"), person(given = \"Chih-Chung\", family = \"Chang\", role = c(\"ctb\",\"cph\"), comment = \"libsvm C++-code\"), person(given = \"Chih-Chen\", family = \"Lin\", role = c(\"ctb\",\"cph\"), comment = \"libsvm C++-code\"))",
      "Description": "Functions for latent class analysis, short time Fourier transform, fuzzy clustering, support vector machines, shortest path computation, bagged clustering, naive Bayes classifier, generalized k-nearest neighbour ...",
      "License": "GPL-2 | GPL-3",
      "LazyLoad": "yes",
      "NeedsCompilation": "yes",
      "Author": "David Meyer [aut, cre] (ORCID: <https://orcid.org/0000-0002-5196-3048>), Evgenia Dimitriadou [aut, cph], Kurt Hornik [aut] (ORCID: <https://orcid.org/0000-0003-4198-9911>), Andreas Weingessel [aut], Friedrich Leisch [aut], Chih-Chung Chang [ctb, cph] (libsvm C++-code), Chih-Chen Lin [ctb, cph] (libsvm C++-code)",
      "Maintainer": "David Meyer <David.Meyer@R-project.org>",
      "Repository": "CRAN",
      "Encoding": "UTF-8"
    },
    "lattice": {
      "Package": "lattice",
      "Version": "0.22-9",
      "Source": "Repository",
      "Date": "2026-02-03",
      "Priority": "recommended",
      "Title": "Trellis Graphics for R",
      "Authors@R": "c(person(\"Deepayan\", \"Sarkar\", role = c(\"aut\", \"cre\"), email = \"deepayan.sarkar@r-project.org\", comment = c(ORCID = \"0000-0003-4107-1553\")), person(\"Felix\", \"Andrews\", role = \"ctb\"), person(\"Kevin\", \"Wright\", role = \"ctb\", comment = \"documentation\"), person(\"Neil\", \"Klepeis\", role = \"ctb\"), person(\"Johan\", \"Larsson\", role = \"ctb\", comment = \"miscellaneous improvements\"), person(\"Zhijian (Jason)\", \"Wen\", role = \"cph\", comment = \"filled contour code\"), person(\"Paul\", \"Murrell\", role = \"ctb\", email = \"paul@stat.auckland.ac.nz\"), person(\"Stefan\", \"Eng\", role = \"ctb\", comment = \"violin plot improvements\"), person(\"Achim\", \"Zeileis\", role = \"ctb\", comment = \"modern colors\"), person(\"Alexandre\", \"Courtiol\", role = \"ctb\", comment = \"generics for larrows, lpolygon, lrect and lsegments\") )",
      "Description": "A powerful and elegant high-level data visualization system inspired by Trellis graphics, with an emphasis on multivariate data. Lattice is sufficient for typical graphics needs, and is also flexible enough to handle most nonstandard requirements. See ?Lattice for an introduction.",
      "Depends": [
        "R (>= 4.0.0)"
      ],
      "Suggests": [
        "KernSmooth",
        "MASS",
        "latticeExtra",
        "colorspace"
      ],
      "Imports": [
        "grid",
        "grDevices",
        "graphics",
        "stats",
        "utils"
      ],
      "Enhances": [
        "chron",
        "zoo"
      ],
      "LazyLoad": "yes",
      "LazyData": "yes",
      "License": "GPL (>= 2)",
      "URL": "https://lattice.r-forge.r-project.org/",
      "BugReports": "https://github.com/deepayan/lattice/issues",
      "NeedsCompilation": "yes",
      "Author": "Deepayan Sarkar [aut, cre] (ORCID: <https://orcid.org/0000-0003-4107-1553>), Felix Andrews [ctb], Kevin Wright [ctb] (documentation), Neil Klepeis [ctb], Johan Larsson [ctb] (miscellaneous improvements), Zhijian (Jason) Wen [cph] (filled contour code), Paul Murrell [ctb], Stefan Eng [ctb] (violin plot improvements), Achim Zeileis [ctb] (modern colors), Alexandre Courtiol [ctb] (generics for larrows, lpolygon, lrect and lsegments)",
      "Maintainer": "Deepayan Sarkar <deepayan.sarkar@r-project.org>",
      "Repository": "CRAN"
    },
    "mvtnorm": {
      "Package": "mvtnorm",
      "Version": "1.3-7",
      "Source": "Repository",
      "Title": "Multivariate Normal and t Distributions",
      "Date": "2026-04-14",
      "Authors@R": "c(person(\"Alan\", \"Genz\", role = \"aut\"), person(\"Frank\", \"Bretz\", role = \"aut\"), person(\"Tetsuhisa\", \"Miwa\", role = \"aut\"), person(\"Xuefei\", \"Mi\", role = \"aut\"), person(\"Friedrich\", \"Leisch\", role = \"ctb\"), person(\"Fabian\", \"Scheipl\", role = \"ctb\"), person(\"Bjoern\", \"Bornkamp\", role = \"ctb\", comment = c(ORCID = \"0000-0002-6294-8185\")), person(\"Martin\", \"Maechler\", role = \"ctb\", comment = c(ORCID = \"0000-0002-8685-9910\")), person(\"Torsten\", \"Hothorn\", role = c(\"aut\", \"cre\"), email = \"Torsten.Hothorn@R-project.org\", comment = c(ORCID = \"0000-0001-8301-0471\")))",
      "Description": "Computes multivariate normal and t probabilities, quantiles, random deviates,  and densities. Log-likelihoods for multivariate Gaussian models and Gaussian copulae  parameterised by Cholesky factors of covariance or precision matrices are implemented  for interval-censored and exact data, or a mix thereof. Score functions for these  log-likelihoods are available. A class representing multiple lower triangular matrices  and corresponding methods are part of this package.",
      "Imports": [
        "stats"
      ],
      "Depends": [
        "R(>= 3.5.0)"
      ],
      "Suggests": [
        "qrng",
        "numDeriv",
        "bibtex"
      ],
      "License": "GPL-2",
      "URL": "http://mvtnorm.R-forge.R-project.org",
      "NeedsCompilation": "yes",
      "Author": "Alan Genz [aut], Frank Bretz [aut], Tetsuhisa Miwa [aut], Xuefei Mi [aut], Friedrich Leisch [ctb], Fabian Scheipl [ctb], Bjoern Bornkamp [ctb] (ORCID: <https://orcid.org/0000-0002-6294-8185>), Martin Maechler [ctb] (ORCID: <https://orcid.org/0000-0002-8685-9910>), Torsten Hothorn [aut, cre] (ORCID: <https://orcid.org/0000-0001-8301-0471>)",
      "Maintainer": "Torsten Hothorn <Torsten.Hothorn@R-project.org>",
      "Repository": "CRAN",
      "Encoding": "UTF-8"
    },
    "polycor": {
      "Package": "polycor",
      "Version": "0.8-2",
      "Source": "Repository",
      "Title": "Polychoric and Polyserial Correlations",
      "Authors@R": "c(person(\"John\", \"Fox\", role = \"aut\"), person(\"Adrian\", \"Dusa\", role = \"ctb\"), person(\"Duncan\", \"Murdoch\", email = \"murdoch.duncan@gmail.com\", role = \"cre\"))",
      "Depends": [
        "R (>= 3.3.0)"
      ],
      "Imports": [
        "stats",
        "mvtnorm",
        "Matrix",
        "parallel",
        "admisc (>= 0.22)"
      ],
      "ByteCompile": "yes",
      "LazyLoad": "yes",
      "Description": "Computes polychoric and polyserial correlations by quick \"two-step\" methods or ML,  optionally with standard errors; tetrachoric and biserial correlations are special cases.",
      "License": "GPL (>= 2)",
      "URL": "https://github.com/dmurdoch/polycor, https://CRAN.R-project.org/package=polycor",
      "RoxygenNote": "7.3.3",
      "NeedsCompilation": "no",
      "Author": "John Fox [aut], Adrian Dusa [ctb], Duncan Murdoch [cre]",
      "Maintainer": "Duncan Murdoch <murdoch.duncan@gmail.com>",
      "Repository": "CRAN",
      "Encoding": "UTF-8"
    },
    "proxy": {
      "Package": "proxy",
      "Version": "0.4-29",
      "Source": "Repository",
      "Type": "Package",
      "Title": "Distance and Similarity Measures",
      "Authors@R": "c(person(given = \"David\", family = \"Meyer\", role = c(\"aut\", \"cre\"), email = \"David.Meyer@R-project.org\", comment = c(ORCID = \"0000-0002-5196-3048\")),\t     person(given = \"Christian\", family = \"Buchta\", role = \"aut\"))",
      "Description": "Provides an extensible framework for the efficient calculation of auto- and cross-proximities, along with implementations of the most popular ones.",
      "Depends": [
        "R (>= 3.4.0)"
      ],
      "Imports": [
        "stats",
        "utils"
      ],
      "Suggests": [
        "cba"
      ],
      "Collate": "registry.R database.R dist.R similarities.R dissimilarities.R util.R seal.R",
      "License": "GPL-2 | GPL-3",
      "NeedsCompilation": "yes",
      "Author": "David Meyer [aut, cre] (ORCID: <https://orcid.org/0000-0002-5196-3048>), Christian Buchta [aut]",
      "Maintainer": "David Meyer <David.Meyer@R-project.org>",
      "Repository": "CRAN",
      "Encoding": "UTF-8"
    },
    "registry": {
      "Package": "registry",
      "Version": "0.5-1",
      "Source": "Repository",
      "Type": "Package",
      "Title": "Infrastructure for R Package Registries",
      "Author": "David Meyer",
      "Maintainer": "David Meyer <David.Meyer@R-project.org>",
      "Description": "Provides a generic infrastructure for creating and using registries.",
      "Depends": [
        "R (>= 2.6.0)"
      ],
      "Imports": [
        "utils"
      ],
      "License": "GPL-2",
      "NeedsCompilation": "no",
      "Repository": "CRAN",
      "Encoding": "UTF-8"
    },
    "renv": {
      "Package": "renv",
      "Version": "1.2.2",
      "Source": "Repository",
      "Type": "Package",
      "Title": "Project Environments",
      "Authors@R": "c( person(\"Kevin\", \"Ushey\", role = c(\"aut\", \"cre\"), email = \"kevin@rstudio.com\", comment = c(ORCID = \"0000-0003-2880-7407\")), person(\"Hadley\", \"Wickham\", role = c(\"aut\"), email = \"hadley@rstudio.com\", comment = c(ORCID = \"0000-0003-4757-117X\")), person(\"Posit Software, PBC\", role = c(\"cph\", \"fnd\")) )",
      "Description": "A dependency management toolkit for R. Using 'renv', you can create and manage project-local R libraries, save the state of these libraries to a 'lockfile', and later restore your library as required. Together, these tools can help make your projects more isolated, portable, and reproducible.",
      "License": "MIT + file LICENSE",
      "URL": "https://rstudio.github.io/renv/, https://github.com/rstudio/renv",
      "BugReports": "https://github.com/rstudio/renv/issues",
      "Imports": [
        "utils"
      ],
      "Suggests": [
        "BiocManager",
        "cli",
        "compiler",
        "covr",
        "cpp11",
        "curl",
        "devtools",
        "generics",
        "gitcreds",
        "jsonlite",
        "jsonvalidate",
        "knitr",
        "miniUI",
        "modules",
        "packrat",
        "pak",
        "R6",
        "remotes",
        "reticulate",
        "rmarkdown",
        "rstudioapi",
        "shiny",
        "testthat",
        "uuid",
        "waldo",
        "yaml",
        "webfakes"
      ],
      "Encoding": "UTF-8",
      "RoxygenNote": "7.3.3",
      "VignetteBuilder": "knitr",
      "Config/Needs/website": "tidyverse/tidytemplate",
      "Config/testthat/edition": "3",
      "Config/testthat/parallel": "true",
      "Config/testthat/start-first": "bioconductor,python,install,restore,snapshot,retrieve,remotes",
      "NeedsCompilation": "no",
      "Author": "Kevin Ushey [aut, cre] (ORCID: <https://orcid.org/0000-0003-2880-7407>), Hadley Wickham [aut] (ORCID: <https://orcid.org/0000-0003-4757-117X>), Posit Software, PBC [cph, fnd]",
      "Maintainer": "Kevin Ushey <kevin@rstudio.com>",
      "Repository": "CRAN"
    },
    "rlang": {
      "Package": "rlang",
      "Version": "1.2.0",
      "Source": "Repository",
      "Title": "Functions for Base Types and Core R and 'Tidyverse' Features",
      "Description": "A toolbox for working with base types, core R features like the condition system, and core 'Tidyverse' features like tidy evaluation.",
      "Authors@R": "c( person(\"Lionel\", \"Henry\", ,\"lionel@posit.co\", c(\"aut\", \"cre\")), person(\"Hadley\", \"Wickham\", ,\"hadley@posit.co\", \"aut\"), person(given = \"mikefc\", email = \"mikefc@coolbutuseless.com\", role = \"cph\", comment = \"Hash implementation based on Mike's xxhashlite\"), person(given = \"Yann\", family = \"Collet\", role = \"cph\", comment = \"Author of the embedded xxHash library\"), person(given = \"Posit, PBC\", role = c(\"cph\", \"fnd\")) )",
      "License": "MIT + file LICENSE",
      "ByteCompile": "true",
      "Biarch": "true",
      "Depends": [
        "R (>= 4.0.0)"
      ],
      "Imports": [
        "utils"
      ],
      "Suggests": [
        "cli (>= 3.1.0)",
        "covr",
        "crayon",
        "desc",
        "fs",
        "glue",
        "knitr",
        "magrittr",
        "methods",
        "pillar",
        "pkgload",
        "rmarkdown",
        "stats",
        "testthat (>= 3.3.2)",
        "tibble",
        "usethis",
        "vctrs (>= 0.2.3)",
        "withr"
      ],
      "Enhances": [
        "winch"
      ],
      "Encoding": "UTF-8",
      "RoxygenNote": "7.3.3",
      "URL": "https://rlang.r-lib.org, https://github.com/r-lib/rlang",
      "BugReports": "https://github.com/r-lib/rlang/issues",
      "Config/build/compilation-database": "true",
      "Config/testthat/edition": "3",
      "Config/Needs/website": "dplyr, tidyverse/tidytemplate",
      "NeedsCompilation": "yes",
      "Author": "Lionel Henry [aut, cre], Hadley Wickham [aut], mikefc [cph] (Hash implementation based on Mike's xxhashlite), Yann Collet [cph] (Author of the embedded xxHash library), Posit, PBC [cph, fnd]",
      "Maintainer": "Lionel Henry <lionel@posit.co>",
      "Repository": "CRAN"
    },
    "slam": {
      "Package": "slam",
      "Version": "0.1-55",
      "Source": "Repository",
      "Title": "Sparse Lightweight Arrays and Matrices",
      "Authors@R": "c(person(\"Kurt\", \"Hornik\", role = c(\"aut\", \"cre\"), email = \"Kurt.Hornik@R-project.org\", comment = c(ORCID = \"0000-0003-4198-9911\")), person(\"David\", \"Meyer\", role = \"aut\", email = \"David.Meyer@R-project.org\", comment = c(ORCID = \"0000-0002-5196-3048\")), person(\"Christian\", \"Buchta\", role = \"aut\"))",
      "Description": "Data structures and algorithms for sparse arrays and matrices, based on index arrays and simple triplet representations, respectively.",
      "Depends": [
        "R (>= 3.4.0)"
      ],
      "Imports": [
        "stats"
      ],
      "Enhances": [
        "Matrix",
        "SparseM",
        "spam"
      ],
      "License": "GPL-2",
      "NeedsCompilation": "yes",
      "Author": "Kurt Hornik [aut, cre] (<https://orcid.org/0000-0003-4198-9911>), David Meyer [aut] (<https://orcid.org/0000-0002-5196-3048>), Christian Buchta [aut]",
      "Maintainer": "Kurt Hornik <Kurt.Hornik@R-project.org>",
      "Repository": "CRAN",
      "Encoding": "UTF-8"
    }
  }
}
